// !$*UTF8*$!
{
	archiveVersion = 1;
	classes = {
	};
	objectVersion = 46;
	objects = {

/* Begin PBXBuildFile section */
		181D11821DA4A03500090038 /* Flashcard.swift in Sources */ = {isa = PBXBuildFile; fileRef = 181D11811DA4A03500090038 /* Flashcard.swift */; };
		181D11841DA4A04800090038 /* FlashcardList.swift in Sources */ = {isa = PBXBuildFile; fileRef = 181D11831DA4A04800090038 /* FlashcardList.swift */; };
		181D11881DA4A5DE00090038 /* CardViewController.swift in Sources */ = {isa = PBXBuildFile; fileRef = 181D11871DA4A5DE00090038 /* CardViewController.swift */; };
		181D118A1DA4A77600090038 /* CurrentFlashcardList.swift in Sources */ = {isa = PBXBuildFile; fileRef = 181D11891DA4A77600090038 /* CurrentFlashcardList.swift */; };
		181D118E1DA4BCA600090038 /* NameViewController.swift in Sources */ = {isa = PBXBuildFile; fileRef = 181D118D1DA4BCA600090038 /* NameViewController.swift */; };
		1850E2B01DA732E100DE89B4 /* CustomCollectionCell.swift in Sources */ = {isa = PBXBuildFile; fileRef = 1850E2AF1DA732E100DE89B4 /* CustomCollectionCell.swift */; };
		1850E2B21DA733C700DE89B4 /* ViewController.swift in Sources */ = {isa = PBXBuildFile; fileRef = 1850E2B11DA733C700DE89B4 /* ViewController.swift */; };
		1850E2B41DA741E000DE89B4 /* CustomCellView.swift in Sources */ = {isa = PBXBuildFile; fileRef = 1850E2B31DA741E000DE89B4 /* CustomCellView.swift */; };
		18AAFAF41DA356750035C44E /* AppDelegate.swift in Sources */ = {isa = PBXBuildFile; fileRef = 18AAFAF31DA356750035C44E /* AppDelegate.swift */; };
		18AAFAF91DA356750035C44E /* Main.storyboard in Resources */ = {isa = PBXBuildFile; fileRef = 18AAFAF71DA356750035C44E /* Main.storyboard */; };
		18AAFAFB1DA356750035C44E /* Assets.xcassets in Resources */ = {isa = PBXBuildFile; fileRef = 18AAFAFA1DA356750035C44E /* Assets.xcassets */; };
		18AAFAFE1DA356750035C44E /* LaunchScreen.storyboard in Resources */ = {isa = PBXBuildFile; fileRef = 18AAFAFC1DA356750035C44E /* LaunchScreen.storyboard */; };
/* End PBXBuildFile section */

/* Begin PBXFileReference section */
		181D11811DA4A03500090038 /* Flashcard.swift */ = {isa = PBXFileReference; fileEncoding = 4; lastKnownFileType = sourcecode.swift; path = Flashcard.swift; sourceTree = "<group>"; };
		181D11831DA4A04800090038 /* FlashcardList.swift */ = {isa = PBXFileReference; fileEncoding = 4; lastKnownFileType = sourcecode.swift; path = FlashcardList.swift; sourceTree = "<group>"; };
		181D11871DA4A5DE00090038 /* CardViewController.swift */ = {isa = PBXFileReference; fileEncoding = 4; lastKnownFileType = sourcecode.swift; path = CardViewController.swift; sourceTree = "<group>"; };
		181D11891DA4A77600090038 /* CurrentFlashcardList.swift */ = {isa = PBXFileReference; fileEncoding = 4; lastKnownFileType = sourcecode.swift; path = CurrentFlashcardList.swift; sourceTree = "<group>"; };
		181D118D1DA4BCA600090038 /* NameViewController.swift */ = {isa = PBXFileReference; fileEncoding = 4; lastKnownFileType = sourcecode.swift; path = NameViewController.swift; sourceTree = "<group>"; };
		1850E2AF1DA732E100DE89B4 /* CustomCollectionCell.swift */ = {isa = PBXFileReference; fileEncoding = 4; lastKnownFileType = sourcecode.swift; path = CustomCollectionCell.swift; sourceTree = "<group>"; };
		1850E2B11DA733C700DE89B4 /* ViewController.swift */ = {isa = PBXFileReference; fileEncoding = 4; lastKnownFileType = sourcecode.swift; path = ViewController.swift; sourceTree = "<group>"; };
		1850E2B31DA741E000DE89B4 /* CustomCellView.swift */ = {isa = PBXFileReference; fileEncoding = 4; lastKnownFileType = sourcecode.swift; path = CustomCellView.swift; sourceTree = "<group>"; };
		18AAFAF01DA356750035C44E /* TempleFlashcards.app */ = {isa = PBXFileReference; explicitFileType = wrapper.application; includeInIndex = 0; path = TempleFlashcards.app; sourceTree = BUILT_PRODUCTS_DIR; };
		18AAFAF31DA356750035C44E /* AppDelegate.swift */ = {isa = PBXFileReference; lastKnownFileType = sourcecode.swift; path = AppDelegate.swift; sourceTree = "<group>"; };
		18AAFAF81DA356750035C44E /* Base */ = {isa = PBXFileReference; lastKnownFileType = file.storyboard; name = Base; path = Base.lproj/Main.storyboard; sourceTree = "<group>"; };
		18AAFAFA1DA356750035C44E /* Assets.xcassets */ = {isa = PBXFileReference; lastKnownFileType = folder.assetcatalog; path = Assets.xcassets; sourceTree = "<group>"; };
		18AAFAFD1DA356750035C44E /* Base */ = {isa = PBXFileReference; lastKnownFileType = file.storyboard; name = Base; path = Base.lproj/LaunchScreen.storyboard; sourceTree = "<group>"; };
		18AAFAFF1DA356750035C44E /* Info.plist */ = {isa = PBXFileReference; lastKnownFileType = text.plist.xml; path = Info.plist; sourceTree = "<group>"; };
/* End PBXFileReference section */

/* Begin PBXFrameworksBuildPhase section */
		18AAFAED1DA356740035C44E /* Frameworks */ = {
			isa = PBXFrameworksBuildPhase;
			buildActionMask = 2147483647;
			files = (
			);
			runOnlyForDeploymentPostprocessing = 0;
		};
/* End PBXFrameworksBuildPhase section */

/* Begin PBXGroup section */
		181D117F1DA4A00B00090038 /* View */ = {
			isa = PBXGroup;
			children = (
				18AAFAF71DA356750035C44E /* Main.storyboard */,
			);
			name = View;
			sourceTree = "<group>";
		};
		181D11801DA4A01800090038 /* Controller */ = {
			isa = PBXGroup;
			children = (
				1850E2B11DA733C700DE89B4 /* ViewController.swift */,
				181D11871DA4A5DE00090038 /* CardViewController.swift */,
				1850E2AF1DA732E100DE89B4 /* CustomCollectionCell.swift */,
				1850E2B31DA741E000DE89B4 /* CustomCellView.swift */,
				181D118D1DA4BCA600090038 /* NameViewController.swift */,
			);
			name = Controller;
			sourceTree = "<group>";
		};
		181D11851DA4A0B800090038 /* Model */ = {
			isa = PBXGroup;
			children = (
				181D11811DA4A03500090038 /* Flashcard.swift */,
				181D11831DA4A04800090038 /* FlashcardList.swift */,
				181D11891DA4A77600090038 /* CurrentFlashcardList.swift */,
			);
			name = Model;
			sourceTree = "<group>";
		};
		181D11861DA4A0C100090038 /* Supporting Files */ = {
			isa = PBXGroup;
			children = (
				18AAFAF31DA356750035C44E /* AppDelegate.swift */,
				18AAFAFC1DA356750035C44E /* LaunchScreen.storyboard */,
				18AAFAFF1DA356750035C44E /* Info.plist */,
			);
			name = "Supporting Files";
			sourceTree = "<group>";
		};
		18AAFAE71DA356740035C44E = {
			isa = PBXGroup;
			children = (
				18AAFAF21DA356750035C44E /* TempleFlashcards */,
				18AAFAF11DA356750035C44E /* Products */,
			);
			sourceTree = "<group>";
		};
		18AAFAF11DA356750035C44E /* Products */ = {
			isa = PBXGroup;
			children = (
				18AAFAF01DA356750035C44E /* TempleFlashcards.app */,
			);
			name = Products;
			sourceTree = "<group>";
		};
		18AAFAF21DA356750035C44E /* TempleFlashcards */ = {
			isa = PBXGroup;
			children = (
				181D11801DA4A01800090038 /* Controller */,
				181D117F1DA4A00B00090038 /* View */,
				18AAFAFA1DA356750035C44E /* Assets.xcassets */,
				181D11861DA4A0C100090038 /* Supporting Files */,
				181D11851DA4A0B800090038 /* Model */,
			);
			path = TempleFlashcards;
			sourceTree = "<group>";
		};
/* End PBXGroup section */

/* Begin PBXNativeTarget section */
		18AAFAEF1DA356740035C44E /* TempleFlashcards */ = {
			isa = PBXNativeTarget;
			buildConfigurationList = 18AAFB021DA356750035C44E /* Build configuration list for PBXNativeTarget "TempleFlashcards" */;
			buildPhases = (
				18AAFAEC1DA356740035C44E /* Sources */,
				18AAFAED1DA356740035C44E /* Frameworks */,
				18AAFAEE1DA356740035C44E /* Resources */,
			);
			buildRules = (
			);
			dependencies = (
			);
			name = TempleFlashcards;
			productName = TempleFlashcards;
			productReference = 18AAFAF01DA356750035C44E /* TempleFlashcards.app */;
			productType = "com.apple.product-type.application";
		};
/* End PBXNativeTarget section */

/* Begin PBXProject section */
		18AAFAE81DA356740035C44E /* Project object */ = {
			isa = PBXProject;
			attributes = {
				LastSwiftUpdateCheck = 0800;
				LastUpgradeCheck = 0800;
				ORGANIZATIONNAME = "Peter West";
				TargetAttributes = {
					18AAFAEF1DA356740035C44E = {
						CreatedOnToolsVersion = 8.0;
						DevelopmentTeam = 42W5AHC36X;
						ProvisioningStyle = Automatic;
					};
				};
			};
			buildConfigurationList = 18AAFAEB1DA356740035C44E /* Build configuration list for PBXProject "TempleFlashcards" */;
			compatibilityVersion = "Xcode 3.2";
			developmentRegion = English;
			hasScannedForEncodings = 0;
			knownRegions = (
				en,
				Base,
			);
			mainGroup = 18AAFAE71DA356740035C44E;
			productRefGroup = 18AAFAF11DA356750035C44E /* Products */;
			projectDirPath = "";
			projectRoot = "";
			targets = (
				18AAFAEF1DA356740035C44E /* TempleFlashcards */,
			);
		};
/* End PBXProject section */

/* Begin PBXResourcesBuildPhase section */
		18AAFAEE1DA356740035C44E /* Resources */ = {
			isa = PBXResourcesBuildPhase;
			buildActionMask = 2147483647;
			files = (
				18AAFAFE1DA356750035C44E /* LaunchScreen.storyboard in Resources */,
				18AAFAFB1DA356750035C44E /* Assets.xcassets in Resources */,
				18AAFAF91DA356750035C44E /* Main.storyboard in Resources */,
			);
			runOnlyForDeploymentPostprocessing = 0;
		};
/* End PBXResourcesBuildPhase section */

/* Begin PBXSourcesBuildPhase section */
		18AAFAEC1DA356740035C44E /* Sources */ = {
			isa = PBXSourcesBuildPhase;
			buildActionMask = 2147483647;
			files = (
				181D11821DA4A03500090038 /* Flashcard.swift in Sources */,
				18AAFAF41DA356750035C44E /* AppDelegate.swift in Sources */,
				181D11841DA4A04800090038 /* FlashcardList.swift in Sources */,
				181D118A1DA4A77600090038 /* CurrentFlashcardList.swift in Sources */,
				1850E2B41DA741E000DE89B4 /* CustomCellView.swift in Sources */,
				181D11881DA4A5DE00090038 /* CardViewController.swift in Sources */,
				181D118E1DA4BCA600090038 /* NameViewController.swift in Sources */,
				1850E2B21DA733C700DE89B4 /* ViewController.swift in Sources */,
				1850E2B01DA732E100DE89B4 /* CustomCollectionCell.swift in Sources */,
			);
			runOnlyForDeploymentPostprocessing = 0;
		};
/* End PBXSourcesBuildPhase section */

/* Begin PBXVariantGroup section */
		18AAFAF71DA356750035C44E /* Main.storyboard */ = {
			isa = PBXVariantGroup;
			children = (
				18AAFAF81DA356750035C44E /* Base */,
			);
			name = Main.storyboard;
			sourceTree = "<group>";
		};
		18AAFAFC1DA356750035C44E /* LaunchScreen.storyboard */ = {
			isa = PBXVariantGroup;
			children = (
				18AAFAFD1DA356750035C44E /* Base */,
			);
			name = LaunchScreen.storyboard;
			sourceTree = "<group>";
		};
/* End PBXVariantGroup section */

/* Begin XCBuildConfiguration section */
		18AAFB001DA356750035C44E /* Debug */ = {
			isa = XCBuildConfiguration;
			buildSettings = {
				ALWAYS_SEARCH_USER_PATHS = NO;
				CLANG_ANALYZER_NONNULL = YES;
				CLANG_CXX_LANGUAGE_STANDARD = "gnu++0x";
				CLANG_CXX_LIBRARY = "libc++";
				CLANG_ENABLE_MODULES = YES;
				CLANG_ENABLE_OBJC_ARC = YES;
				CLANG_WARN_BOOL_CONVERSION = YES;
				CLANG_WARN_CONSTANT_CONVERSION = YES;
				CLANG_WARN_DIRECT_OBJC_ISA_USAGE = YES_ERROR;
				CLANG_WARN_DOCUMENTATION_COMMENTS = YES;
				CLANG_WARN_EMPTY_BODY = YES;
				CLANG_WARN_ENUM_CONVERSION = YES;
				CLANG_WARN_INFINITE_RECURSION = YES;
				CLANG_WARN_INT_CONVERSION = YES;
				CLANG_WARN_OBJC_ROOT_CLASS = YES_ERROR;
				CLANG_WARN_SUSPICIOUS_MOVES = YES;
				CLANG_WARN_UNREACHABLE_CODE = YES;
				CLANG_WARN__DUPLICATE_METHOD_MATCH = YES;
				"CODE_SIGN_IDENTITY[sdk=iphoneos*]" = "iPhone Developer";
				COPY_PHASE_STRIP = NO;
				DEBUG_INFORMATION_FORMAT = dwarf;
				ENABLE_STRICT_OBJC_MSGSEND = YES;
				ENABLE_TESTABILITY = YES;
				GCC_C_LANGUAGE_STANDARD = gnu99;
				GCC_DYNAMIC_NO_PIC = NO;
				GCC_NO_COMMON_BLOCKS = YES;
				GCC_OPTIMIZATION_LEVEL = 0;
				GCC_PREPROCESSOR_DEFINITIONS = (
					"DEBUG=1",
					"$(inherited)",
				);
				GCC_WARN_64_TO_32_BIT_CONVERSION = YES;
				GCC_WARN_ABOUT_RETURN_TYPE = YES_ERROR;
				GCC_WARN_UNDECLARED_SELECTOR = YES;
				GCC_WARN_UNINITIALIZED_AUTOS = YES_AGGRESSIVE;
				GCC_WARN_UNUSED_FUNCTION = YES;
				GCC_WARN_UNUSED_VARIABLE = YES;
				IPHONEOS_DEPLOYMENT_TARGET = 10.0;
				MTL_ENABLE_DEBUG_INFO = YES;
				ONLY_ACTIVE_ARCH = YES;
				SDKROOT = iphoneos;
				SWIFT_ACTIVE_COMPILATION_CONDITIONS = DEBUG;
				SWIFT_OPTIMIZATION_LEVEL = "-Onone";
			};
			name = Debug;
		};
		18AAFB011DA356750035C44E /* Release */ = {
			isa = XCBuildConfiguration;
			buildSettings = {
				ALWAYS_SEARCH_USER_PATHS = NO;
				CLANG_ANALYZER_NONNULL = YES;
				CLANG_CXX_LANGUAGE_STANDARD = "gnu++0x";
				CLANG_CXX_LIBRARY = "libc++";
				CLANG_ENABLE_MODULES = YES;
				CLANG_ENABLE_OBJC_ARC = YES;
				CLANG_WARN_BOOL_CONVERSION = YES;
				CLANG_WARN_CONSTANT_CONVERSION = YES;
				CLANG_WARN_DIRECT_OBJC_ISA_USAGE = YES_ERROR;
				CLANG_WARN_DOCUMENTATION_COMMENTS = YES;
				CLANG_WARN_EMPTY_BODY = YES;
				CLANG_WARN_ENUM_CONVERSION = YES;
				CLANG_WARN_INFINITE_RECURSION = YES;
				CLANG_WARN_INT_CONVERSION = YES;
				CLANG_WARN_OBJC_ROOT_CLASS = YES_ERROR;
				CLANG_WARN_SUSPICIOUS_MOVES = YES;
				CLANG_WARN_UNREACHABLE_CODE = YES;
				CLANG_WARN__DUPLICATE_METHOD_MATCH = YES;
				"CODE_SIGN_IDENTITY[sdk=iphoneos*]" = "iPhone Developer";
				COPY_PHASE_STRIP = NO;
				DEBUG_INFORMATION_FORMAT = "dwarf-with-dsym";
				ENABLE_NS_ASSERTIONS = NO;
				ENABLE_STRICT_OBJC_MSGSEND = YES;
				GCC_C_LANGUAGE_STANDARD = gnu99;
				GCC_NO_COMMON_BLOCKS = YES;
				GCC_WARN_64_TO_32_BIT_CONVERSION = YES;
				GCC_WARN_ABOUT_RETURN_TYPE = YES_ERROR;
				GCC_WARN_UNDECLARED_SELECTOR = YES;
				GCC_WARN_UNINITIALIZED_AUTOS = YES_AGGRESSIVE;
				GCC_WARN_UNUSED_FUNCTION = YES;
				GCC_WARN_UNUSED_VARIABLE = YES;
				IPHONEOS_DEPLOYMENT_TARGET = 10.0;
				MTL_ENABLE_DEBUG_INFO = NO;
				SDKROOT = iphoneos;
				SWIFT_OPTIMIZATION_LEVEL = "-Owholemodule";
				VALIDATE_PRODUCT = YES;
			};
			name = Release;
		};
		18AAFB031DA356750035C44E /* Debug */ = {
			isa = XCBuildConfiguration;
			buildSettings = {
				ASSETCATALOG_COMPILER_APPICON_NAME = AppIcon;
				DEVELOPMENT_TEAM = 42W5AHC36X;
				INFOPLIST_FILE = TempleFlashcards/Info.plist;
				LD_RUNPATH_SEARCH_PATHS = "$(inherited) @executable_path/Frameworks";
				PRODUCT_BUNDLE_IDENTIFIER = is543.TempleFlashcards;
				PRODUCT_NAME = "$(TARGET_NAME)";
				SWIFT_VERSION = 3.0;
			};
			name = Debug;
		};
		18AAFB041DA356750035C44E /* Release */ = {
			isa = XCBuildConfiguration;
			buildSettings = {
				ASSETCATALOG_COMPILER_APPICON_NAME = AppIcon;
				DEVELOPMENT_TEAM = 42W5AHC36X;
				INFOPLIST_FILE = TempleFlashcards/Info.plist;
				LD_RUNPATH_SEARCH_PATHS = "$(inherited) @executable_path/Frameworks";
				PRODUCT_BUNDLE_IDENTIFIER = is543.TempleFlashcards;
				PRODUCT_NAME = "$(TARGET_NAME)";
				SWIFT_VERSION = 3.0;
			};
			name = Release;
		};
/* End XCBuildConfiguration section */

/* Begin XCConfigurationList section */
		18AAFAEB1DA356740035C44E /* Build configuration list for PBXProject "TempleFlashcards" */ = {
			isa = XCConfigurationList;
			buildConfigurations = (
				18AAFB001DA356750035C44E /* Debug */,
				18AAFB011DA356750035C44E /* Release */,
			);
			defaultConfigurationIsVisible = 0;
			defaultConfigurationName = Release;
		};
		18AAFB021DA356750035C44E /* Build configuration list for PBXNativeTarget "TempleFlashcards" */ = {
			isa = XCConfigurationList;
			buildConfigurations = (
				18AAFB031DA356750035C44E /* Debug */,
				18AAFB041DA356750035C44E /* Release */,
			);
			defaultConfigurationIsVisible = 0;
			defaultConfigurationName = Release;
		};
/* End XCConfigurationList section */
	};
	rootObject = 18AAFAE81DA356740035C44E /* Project object */;
}
